
Microsoft Visual Studio Solution File, Format Version 12.00
# Visual Studio Version 17
VisualStudioVersion = 17.10.34916.146
MinimumVisualStudioVersion = 10.0.40219.1
Project("{FAE04EC0-301F-11D3-BF4B-00C04F79EFBC}") = "rbac", "rbac\rbac.csproj", "{07D5F4D2-24F5-4064-B730-7264E8B40129}"
EndProject
Project("{FAE04EC0-301F-11D3-BF4B-00C04F79EFBC}") = "rbac.Infra", "rbac.Infra\rbac.Infra.csproj", "{2C3923A0-4205-4DB7-BF38-DC5F333D8618}"
EndProject
Project("{FAE04EC0-301F-11D3-BF4B-00C04F79EFBC}") = "rbac.Modals", "rbac.Modals\rbac.Modals.csproj", "{009F38C6-6CEA-4A94-9CD3-2C5D2D9DC495}"
EndProject
Project("{FAE04EC0-301F-11D3-BF4B-00C04F79EFBC}") = "rbac.CoreBusiness", "rbac.CoreBusiness\rbac.CoreBusiness.csproj", "{F17DFC02-0779-4A61-AD58-380B0315CB92}"
EndProject
Project("{FAE04EC0-301F-11D3-BF4B-00C04F79EFBC}") = "rbac.Repository", "rbac.Repository\rbac.Repository.csproj", "{FF348A08-4905-4D5F-B85B-5EA249957686}"
EndProject
Global
	GlobalSection(SolutionConfigurationPlatforms) = preSolution
		Debug|Any CPU = Debug|Any CPU
		Release|Any CPU = Release|Any CPU
	EndGlobalSection
	GlobalSection(ProjectConfigurationPlatforms) = postSolution
		{07D5F4D2-24F5-4064-B730-7264E8B40129}.Debug|Any CPU.ActiveCfg = Debug|Any CPU
		{07D5F4D2-24F5-4064-B730-7264E8B40129}.Debug|Any CPU.Build.0 = Debug|Any CPU
		{07D5F4D2-24F5-4064-B730-7264E8B40129}.Release|Any CPU.ActiveCfg = Release|Any CPU
		{07D5F4D2-24F5-4064-B730-7264E8B40129}.Release|Any CPU.Build.0 = Release|Any CPU
		{2C3923A0-4205-4DB7-BF38-DC5F333D8618}.Debug|Any CPU.ActiveCfg = Debug|Any CPU
		{2C3923A0-4205-4DB7-BF38-DC5F333D8618}.Debug|Any CPU.Build.0 = Debug|Any CPU
		{2C3923A0-4205-4DB7-BF38-DC5F333D8618}.Release|Any CPU.ActiveCfg = Release|Any CPU
		{2C3923A0-4205-4DB7-BF38-DC5F333D8618}.Release|Any CPU.Build.0 = Release|Any CPU
		{009F38C6-6CEA-4A94-9CD3-2C5D2D9DC495}.Debug|Any CPU.ActiveCfg = Debug|Any CPU
		{009F38C6-6CEA-4A94-9CD3-2C5D2D9DC495}.Debug|Any CPU.Build.0 = Debug|Any CPU
		{009F38C6-6CEA-4A94-9CD3-2C5D2D9DC495}.Release|Any CPU.ActiveCfg = Release|Any CPU
		{009F38C6-6CEA-4A94-9CD3-2C5D2D9DC495}.Release|Any CPU.Build.0 = Release|Any CPU
		{F17DFC02-0779-4A61-AD58-380B0315CB92}.Debug|Any CPU.ActiveCfg = Debug|Any CPU
		{F17DFC02-0779-4A61-AD58-380B0315CB92}.Debug|Any CPU.Build.0 = Debug|Any CPU
		{F17DFC02-0779-4A61-AD58-380B0315CB92}.Release|Any CPU.ActiveCfg = Release|Any CPU
		{F17DFC02-0779-4A61-AD58-380B0315CB92}.Release|Any CPU.Build.0 = Release|Any CPU
		{FF348A08-4905-4D5F-B85B-5EA249957686}.Debug|Any CPU.ActiveCfg = Debug|Any CPU
		{FF348A08-4905-4D5F-B85B-5EA249957686}.Debug|Any CPU.Build.0 = Debug|Any CPU
		{FF348A08-4905-4D5F-B85B-5EA249957686}.Release|Any CPU.ActiveCfg = Release|Any CPU
		{FF348A08-4905-4D5F-B85B-5EA249957686}.Release|Any CPU.Build.0 = Release|Any CPU
	EndGlobalSection
	GlobalSection(SolutionProperties) = preSolution
		HideSolutionNode = FALSE
	EndGlobalSection
	GlobalSection(ExtensibilityGlobals) = postSolution
		SolutionGuid = {890720AA-FF1C-4B2B-B909-3AFE11DBC610}
	EndGlobalSection
EndGlobal
